
Microsoft Visual Studio Solution File, Format Version 11.00
# Visual Studio 2010
Project("{8BC9CEB8-8B4A-11D0-8D11-00A0C91BC942}") = "laba6", "laba6\laba6.vcxproj", "{31CA3C26-07EF-4173-A0F8-92F198503107}"
EndProject
Global
	GlobalSection(SolutionConfigurationPlatforms) = preSolution
		Debug|Win32 = Debug|Win32
		Release|Win32 = Release|Win32
	EndGlobalSection
	GlobalSection(ProjectConfigurationPlatforms) = postSolution
		{31CA3C26-07EF-4173-A0F8-92F198503107}.Debug|Win32.ActiveCfg = Debug|Win32
		{31CA3C26-07EF-4173-A0F8-92F198503107}.Debug|Win32.Build.0 = Debug|Win32
		{31CA3C26-07EF-4173-A0F8-92F198503107}.Release|Win32.ActiveCfg = Release|Win32
		{31CA3C26-07EF-4173-A0F8-92F198503107}.Release|Win32.Build.0 = Release|Win32
	EndGlobalSection
	GlobalSection(SolutionProperties) = preSolution
		HideSolutionNode = FALSE
	EndGlobalSection
EndGlobal
